<Solution>
  <Project Path="Veloce/Veloce.csproj" />
  <Project Path="VeloceCRM.Client/VeloceCRM.Client.csproj" Id="c41eb0a7-b4a8-480a-b8b8-2ff72ec945bc" />
  <Project Path="VeloceCRM.Data/VeloceCRM.Data.csproj" Id="c31d07ab-19ad-4b31-b92b-5ddbd1ed3b1e" />
  <Project Path="VeloceCRM.Entity/VeloceCRM.Entity.csproj" Id="3b764806-18e7-4b4b-8320-859d8618d7bf" />
  <Project Path="VeloceCRM.Repository/VeloceCRM.Repository.csproj" Id="97d32650-7ab0-4364-b4e2-3f07eaf4868b" />
  <Project Path="VeloceCRM.UT/VeloceCRM.UT.csproj" Id="5ba213b6-e7b5-4674-ac80-1bd72502b611" />
  <Project Path="VeloceCRM/VeloceCRM.csproj" Id="aae084dd-37f4-49db-8ca2-1d43a71e325b" />
</Solution>
